
Microsoft Visual Studio Solution File, Format Version 12.00
# Visual Studio 15
VisualStudioVersion = 15.0.28010.2041
MinimumVisualStudioVersion = 10.0.40219.1
Project("{FAE04EC0-301F-11D3-BF4B-00C04F79EFBC}") = "SpyStore.DAL", "SpyStore.DAL\SpyStore.DAL.csproj", "{E54A59E2-672C-412B-BA98-E03A8274016E}"
EndProject
Project("{FAE04EC0-301F-11D3-BF4B-00C04F79EFBC}") = "SpyStore.Models", "SpyStore.Models\SpyStore.Models.csproj", "{9852E29C-18F9-4929-9E62-1C309D059B20}"
EndProject
Project("{FAE04EC0-301F-11D3-BF4B-00C04F79EFBC}") = "SpyStore.DAL.Tests", "SpyStore.DAL.Tests\SpyStore.DAL.Tests.csproj", "{913EB80F-5771-46E6-A94B-2A12D515932A}"
EndProject
Global
	GlobalSection(SolutionConfigurationPlatforms) = preSolution
		Debug|Any CPU = Debug|Any CPU
		Release|Any CPU = Release|Any CPU
	EndGlobalSection
	GlobalSection(ProjectConfigurationPlatforms) = postSolution
		{E54A59E2-672C-412B-BA98-E03A8274016E}.Debug|Any CPU.ActiveCfg = Debug|Any CPU
		{E54A59E2-672C-412B-BA98-E03A8274016E}.Debug|Any CPU.Build.0 = Debug|Any CPU
		{E54A59E2-672C-412B-BA98-E03A8274016E}.Release|Any CPU.ActiveCfg = Release|Any CPU
		{E54A59E2-672C-412B-BA98-E03A8274016E}.Release|Any CPU.Build.0 = Release|Any CPU
		{9852E29C-18F9-4929-9E62-1C309D059B20}.Debug|Any CPU.ActiveCfg = Debug|Any CPU
		{9852E29C-18F9-4929-9E62-1C309D059B20}.Debug|Any CPU.Build.0 = Debug|Any CPU
		{9852E29C-18F9-4929-9E62-1C309D059B20}.Release|Any CPU.ActiveCfg = Release|Any CPU
		{9852E29C-18F9-4929-9E62-1C309D059B20}.Release|Any CPU.Build.0 = Release|Any CPU
		{913EB80F-5771-46E6-A94B-2A12D515932A}.Debug|Any CPU.ActiveCfg = Debug|Any CPU
		{913EB80F-5771-46E6-A94B-2A12D515932A}.Debug|Any CPU.Build.0 = Debug|Any CPU
		{913EB80F-5771-46E6-A94B-2A12D515932A}.Release|Any CPU.ActiveCfg = Release|Any CPU
		{913EB80F-5771-46E6-A94B-2A12D515932A}.Release|Any CPU.Build.0 = Release|Any CPU
	EndGlobalSection
	GlobalSection(SolutionProperties) = preSolution
		HideSolutionNode = FALSE
	EndGlobalSection
	GlobalSection(ExtensibilityGlobals) = postSolution
		SolutionGuid = {BE603ECE-3A62-41E7-8BB0-22F7304B335A}
	EndGlobalSection
EndGlobal
